
Microsoft Visual Studio Solution File, Format Version 12.00
# Visual Studio Version 16
VisualStudioVersion = 16.0.30804.86
MinimumVisualStudioVersion = 10.0.40219.1
Project("{FAE04EC0-301F-11D3-BF4B-00C04F79EFBC}") = "ODEV", "ODEV\ODEV.csproj", "{D0EF945E-7677-4640-8825-EA9C39DB93BE}"
EndProject
Global
	GlobalSection(SolutionConfigurationPlatforms) = preSolution
		Debug|Any CPU = Debug|Any CPU
		Release|Any CPU = Release|Any CPU
	EndGlobalSection
	GlobalSection(ProjectConfigurationPlatforms) = postSolution
		{D0EF945E-7677-4640-8825-EA9C39DB93BE}.Debug|Any CPU.ActiveCfg = Debug|Any CPU
		{D0EF945E-7677-4640-8825-EA9C39DB93BE}.Debug|Any CPU.Build.0 = Debug|Any CPU
		{D0EF945E-7677-4640-8825-EA9C39DB93BE}.Release|Any CPU.ActiveCfg = Release|Any CPU
		{D0EF945E-7677-4640-8825-EA9C39DB93BE}.Release|Any CPU.Build.0 = Release|Any CPU
	EndGlobalSection
	GlobalSection(SolutionProperties) = preSolution
		HideSolutionNode = FALSE
	EndGlobalSection
	GlobalSection(ExtensibilityGlobals) = postSolution
		SolutionGuid = {81F01C77-76AD-4146-842D-FDD808710925}
	EndGlobalSection
EndGlobal
